// !$*UTF8*$!
{
	archiveVersion = 1;
	classes = {
	};
	objectVersion = 56;
	objects = {

/* Begin PBXBuildFile section */
		C71D3FD72BFF791900DF7FE0 /* SnapPagerCarousel in Frameworks */ = {isa = PBXBuildFile; productRef = C71D3FD62BFF791900DF7FE0 /* SnapPagerCarousel */; };
		C71D3FD92BFFB04D00DF7FE0 /* CameraButton.swift in Sources */ = {isa = PBXBuildFile; fileRef = C71D3FD82BFFB04D00DF7FE0 /* CameraButton.swift */; };
		C71D3FDB2BFFB09200DF7FE0 /* SmallSquareWearable.swift in Sources */ = {isa = PBXBuildFile; fileRef = C71D3FDA2BFFB09200DF7FE0 /* SmallSquareWearable.swift */; };
		C71D3FDD2BFFB10F00DF7FE0 /* MixMatchRow.swift in Sources */ = {isa = PBXBuildFile; fileRef = C71D3FDC2BFFB10F00DF7FE0 /* MixMatchRow.swift */; };
		C71D3FE02C00D6D100DF7FE0 /* WearableSheet.swift in Sources */ = {isa = PBXBuildFile; fileRef = C71D3FDF2C00D6D100DF7FE0 /* WearableSheet.swift */; };
		C71D3FE42C00F96F00DF7FE0 /* SquareWearable.swift in Sources */ = {isa = PBXBuildFile; fileRef = C71D3FE32C00F96F00DF7FE0 /* SquareWearable.swift */; };
		C71D3FE62C00FAAE00DF7FE0 /* WearableGrid.swift in Sources */ = {isa = PBXBuildFile; fileRef = C71D3FE52C00FAAE00DF7FE0 /* WearableGrid.swift */; };
		C71D3FE82C0106C600DF7FE0 /* WearableSheetView.swift in Sources */ = {isa = PBXBuildFile; fileRef = C71D3FE72C0106C600DF7FE0 /* WearableSheetView.swift */; };
		C71D3FEC2C01B6F100DF7FE0 /* BodySkeletonVariables.swift in Sources */ = {isa = PBXBuildFile; fileRef = C71D3FEB2C01B6F000DF7FE0 /* BodySkeletonVariables.swift */; };
		C71D3FF02C026BAD00DF7FE0 /* SquareIconButton.swift in Sources */ = {isa = PBXBuildFile; fileRef = C71D3FEF2C026BAD00DF7FE0 /* SquareIconButton.swift */; };
		C71D3FF32C02DCAB00DF7FE0 /* TiltPadView.swift in Sources */ = {isa = PBXBuildFile; fileRef = C71D3FF22C02DCAB00DF7FE0 /* TiltPadView.swift */; };
		C71D3FF62C02DCCC00DF7FE0 /* AccelerometerManager.swift in Sources */ = {isa = PBXBuildFile; fileRef = C71D3FF52C02DCCC00DF7FE0 /* AccelerometerManager.swift */; };
		C738A0B02BFCCC61001603DD /* StyleOnApp.swift in Sources */ = {isa = PBXBuildFile; fileRef = C738A0AF2BFCCC61001603DD /* StyleOnApp.swift */; };
		C738A0B22BFCCC61001603DD /* ContentView.swift in Sources */ = {isa = PBXBuildFile; fileRef = C738A0B12BFCCC61001603DD /* ContentView.swift */; };
		C738A0B42BFCCC63001603DD /* Assets.xcassets in Resources */ = {isa = PBXBuildFile; fileRef = C738A0B32BFCCC63001603DD /* Assets.xcassets */; };
		C738A0B72BFCCC63001603DD /* Preview Assets.xcassets in Resources */ = {isa = PBXBuildFile; fileRef = C738A0B62BFCCC63001603DD /* Preview Assets.xcassets */; };
		C738A0BE2BFCCC78001603DD /* ARViewContainer.swift in Sources */ = {isa = PBXBuildFile; fileRef = C738A0BD2BFCCC78001603DD /* ARViewContainer.swift */; };
		C738A0C02BFCCCF7001603DD /* ARViewDelegate.swift in Sources */ = {isa = PBXBuildFile; fileRef = C738A0BF2BFCCCF7001603DD /* ARViewDelegate.swift */; };
		C738A0C22BFCCF01001603DD /* BodySkeleton.swift in Sources */ = {isa = PBXBuildFile; fileRef = C738A0C12BFCCF01001603DD /* BodySkeleton.swift */; };
		C738A0E12BFCE7F3001603DD /* TShirt.usdz in Resources */ = {isa = PBXBuildFile; fileRef = C738A0E02BFCE7F3001603DD /* TShirt.usdz */; };
		C738A0ED2BFD9DA7001603DD /* WhitePants.usdz in Resources */ = {isa = PBXBuildFile; fileRef = C738A0EC2BFD9DA7001603DD /* WhitePants.usdz */; };
		C738A0EF2BFDA247001603DD /* LongPolo.usdz in Resources */ = {isa = PBXBuildFile; fileRef = C738A0EE2BFDA247001603DD /* LongPolo.usdz */; };
		C738A0F12BFDA954001603DD /* BlueCollarPolo.usdz in Resources */ = {isa = PBXBuildFile; fileRef = C738A0F02BFDA954001603DD /* BlueCollarPolo.usdz */; };
		C738A0F32BFDF41A001603DD /* LongBlueShirt.usdz in Resources */ = {isa = PBXBuildFile; fileRef = C738A0F22BFDF41A001603DD /* LongBlueShirt.usdz */; };
		C738A0F92BFE66F9001603DD /* BoardingView.swift in Sources */ = {isa = PBXBuildFile; fileRef = C738A0F82BFE66F9001603DD /* BoardingView.swift */; };
		C738A0FB2BFE6714001603DD /* MainView.swift in Sources */ = {isa = PBXBuildFile; fileRef = C738A0FA2BFE6714001603DD /* MainView.swift */; };
		C738A1012BFF4497001603DD /* CircleIconButton.swift in Sources */ = {isa = PBXBuildFile; fileRef = C738A1002BFF4497001603DD /* CircleIconButton.swift */; };
		C738A1032BFF459B001603DD /* MainBottomView.swift in Sources */ = {isa = PBXBuildFile; fileRef = C738A1022BFF459B001603DD /* MainBottomView.swift */; };
		C738A1062BFF4691001603DD /* WearableType.swift in Sources */ = {isa = PBXBuildFile; fileRef = C738A1052BFF4691001603DD /* WearableType.swift */; };
		C738A1082BFF4E4D001603DD /* Wearable.swift in Sources */ = {isa = PBXBuildFile; fileRef = C738A1072BFF4E4D001603DD /* Wearable.swift */; };
		C738A10B2BFF5163001603DD /* CircleWearable.swift in Sources */ = {isa = PBXBuildFile; fileRef = C738A10A2BFF5163001603DD /* CircleWearable.swift */; };
		C738A10D2BFF526A001603DD /* CircleWearableList.swift in Sources */ = {isa = PBXBuildFile; fileRef = C738A10C2BFF526A001603DD /* CircleWearableList.swift */; };
/* End PBXBuildFile section */

/* Begin PBXFileReference section */
		C71D3FD82BFFB04D00DF7FE0 /* CameraButton.swift */ = {isa = PBXFileReference; lastKnownFileType = sourcecode.swift; path = CameraButton.swift; sourceTree = "<group>"; };
		C71D3FDA2BFFB09200DF7FE0 /* SmallSquareWearable.swift */ = {isa = PBXFileReference; lastKnownFileType = sourcecode.swift; path = SmallSquareWearable.swift; sourceTree = "<group>"; };
		C71D3FDC2BFFB10F00DF7FE0 /* MixMatchRow.swift */ = {isa = PBXFileReference; lastKnownFileType = sourcecode.swift; path = MixMatchRow.swift; sourceTree = "<group>"; };
		C71D3FDF2C00D6D100DF7FE0 /* WearableSheet.swift */ = {isa = PBXFileReference; lastKnownFileType = sourcecode.swift; path = WearableSheet.swift; sourceTree = "<group>"; };
		C71D3FE32C00F96F00DF7FE0 /* SquareWearable.swift */ = {isa = PBXFileReference; lastKnownFileType = sourcecode.swift; path = SquareWearable.swift; sourceTree = "<group>"; };
		C71D3FE52C00FAAE00DF7FE0 /* WearableGrid.swift */ = {isa = PBXFileReference; lastKnownFileType = sourcecode.swift; path = WearableGrid.swift; sourceTree = "<group>"; };
		C71D3FE72C0106C600DF7FE0 /* WearableSheetView.swift */ = {isa = PBXFileReference; lastKnownFileType = sourcecode.swift; path = WearableSheetView.swift; sourceTree = "<group>"; };
		C71D3FEB2C01B6F000DF7FE0 /* BodySkeletonVariables.swift */ = {isa = PBXFileReference; lastKnownFileType = sourcecode.swift; path = BodySkeletonVariables.swift; sourceTree = "<group>"; };
		C71D3FEF2C026BAD00DF7FE0 /* SquareIconButton.swift */ = {isa = PBXFileReference; lastKnownFileType = sourcecode.swift; path = SquareIconButton.swift; sourceTree = "<group>"; };
		C71D3FF22C02DCAB00DF7FE0 /* TiltPadView.swift */ = {isa = PBXFileReference; lastKnownFileType = sourcecode.swift; path = TiltPadView.swift; sourceTree = "<group>"; };
		C71D3FF52C02DCCC00DF7FE0 /* AccelerometerManager.swift */ = {isa = PBXFileReference; lastKnownFileType = sourcecode.swift; path = AccelerometerManager.swift; sourceTree = "<group>"; };
		C738A0AC2BFCCC61001603DD /* StyleOn.app */ = {isa = PBXFileReference; explicitFileType = wrapper.application; includeInIndex = 0; path = StyleOn.app; sourceTree = BUILT_PRODUCTS_DIR; };
		C738A0AF2BFCCC61001603DD /* StyleOnApp.swift */ = {isa = PBXFileReference; lastKnownFileType = sourcecode.swift; path = StyleOnApp.swift; sourceTree = "<group>"; };
		C738A0B12BFCCC61001603DD /* ContentView.swift */ = {isa = PBXFileReference; lastKnownFileType = sourcecode.swift; path = ContentView.swift; sourceTree = "<group>"; };
		C738A0B32BFCCC63001603DD /* Assets.xcassets */ = {isa = PBXFileReference; lastKnownFileType = folder.assetcatalog; path = Assets.xcassets; sourceTree = "<group>"; };
		C738A0B62BFCCC63001603DD /* Preview Assets.xcassets */ = {isa = PBXFileReference; lastKnownFileType = folder.assetcatalog; path = "Preview Assets.xcassets"; sourceTree = "<group>"; };
		C738A0BD2BFCCC78001603DD /* ARViewContainer.swift */ = {isa = PBXFileReference; lastKnownFileType = sourcecode.swift; path = ARViewContainer.swift; sourceTree = "<group>"; };
		C738A0BF2BFCCCF7001603DD /* ARViewDelegate.swift */ = {isa = PBXFileReference; lastKnownFileType = sourcecode.swift; path = ARViewDelegate.swift; sourceTree = "<group>"; };
		C738A0C12BFCCF01001603DD /* BodySkeleton.swift */ = {isa = PBXFileReference; lastKnownFileType = sourcecode.swift; path = BodySkeleton.swift; sourceTree = "<group>"; };
		C738A0C32BFCD4A4001603DD /* Info.plist */ = {isa = PBXFileReference; lastKnownFileType = text.plist; path = Info.plist; sourceTree = "<group>"; };
		C738A0E02BFCE7F3001603DD /* TShirt.usdz */ = {isa = PBXFileReference; lastKnownFileType = file.usdz; path = TShirt.usdz; sourceTree = "<group>"; };
		C738A0EC2BFD9DA7001603DD /* WhitePants.usdz */ = {isa = PBXFileReference; lastKnownFileType = file.usdz; path = WhitePants.usdz; sourceTree = "<group>"; };
		C738A0EE2BFDA247001603DD /* LongPolo.usdz */ = {isa = PBXFileReference; lastKnownFileType = file.usdz; path = LongPolo.usdz; sourceTree = "<group>"; };
		C738A0F02BFDA954001603DD /* BlueCollarPolo.usdz */ = {isa = PBXFileReference; lastKnownFileType = file.usdz; path = BlueCollarPolo.usdz; sourceTree = "<group>"; };
		C738A0F22BFDF41A001603DD /* LongBlueShirt.usdz */ = {isa = PBXFileReference; lastKnownFileType = file.usdz; path = LongBlueShirt.usdz; sourceTree = "<group>"; };
		C738A0F82BFE66F9001603DD /* BoardingView.swift */ = {isa = PBXFileReference; lastKnownFileType = sourcecode.swift; path = BoardingView.swift; sourceTree = "<group>"; };
		C738A0FA2BFE6714001603DD /* MainView.swift */ = {isa = PBXFileReference; lastKnownFileType = sourcecode.swift; path = MainView.swift; sourceTree = "<group>"; };
		C738A1002BFF4497001603DD /* CircleIconButton.swift */ = {isa = PBXFileReference; lastKnownFileType = sourcecode.swift; path = CircleIconButton.swift; sourceTree = "<group>"; };
		C738A1022BFF459B001603DD /* MainBottomView.swift */ = {isa = PBXFileReference; lastKnownFileType = sourcecode.swift; path = MainBottomView.swift; sourceTree = "<group>"; };
		C738A1052BFF4691001603DD /* WearableType.swift */ = {isa = PBXFileReference; lastKnownFileType = sourcecode.swift; path = WearableType.swift; sourceTree = "<group>"; };
		C738A1072BFF4E4D001603DD /* Wearable.swift */ = {isa = PBXFileReference; lastKnownFileType = sourcecode.swift; path = Wearable.swift; sourceTree = "<group>"; };
		C738A10A2BFF5163001603DD /* CircleWearable.swift */ = {isa = PBXFileReference; lastKnownFileType = sourcecode.swift; path = CircleWearable.swift; sourceTree = "<group>"; };
		C738A10C2BFF526A001603DD /* CircleWearableList.swift */ = {isa = PBXFileReference; lastKnownFileType = sourcecode.swift; path = CircleWearableList.swift; sourceTree = "<group>"; };
/* End PBXFileReference section */

/* Begin PBXFrameworksBuildPhase section */
		C738A0A92BFCCC61001603DD /* Frameworks */ = {
			isa = PBXFrameworksBuildPhase;
			buildActionMask = 2147483647;
			files = (
				C71D3FD72BFF791900DF7FE0 /* SnapPagerCarousel in Frameworks */,
			);
			runOnlyForDeploymentPostprocessing = 0;
		};
/* End PBXFrameworksBuildPhase section */

/* Begin PBXGroup section */
		C71D3FDE2C00D6C200DF7FE0 /* Model */ = {
			isa = PBXGroup;
			children = (
				C71D3FDF2C00D6D100DF7FE0 /* WearableSheet.swift */,
			);
			path = Model;
			sourceTree = "<group>";
		};
		C71D3FF12C02DCA200DF7FE0 /* Tilt */ = {
			isa = PBXGroup;
			children = (
				C71D3FF22C02DCAB00DF7FE0 /* TiltPadView.swift */,
			);
			path = Tilt;
			sourceTree = "<group>";
		};
		C71D3FF42C02DCB900DF7FE0 /* Accelerometer */ = {
			isa = PBXGroup;
			children = (
				C71D3FF52C02DCCC00DF7FE0 /* AccelerometerManager.swift */,
			);
			path = Accelerometer;
			sourceTree = "<group>";
		};
		C738A0A32BFCCC61001603DD = {
			isa = PBXGroup;
			children = (
				C738A0AE2BFCCC61001603DD /* StyleOn */,
				C738A0AD2BFCCC61001603DD /* Products */,
			);
			sourceTree = "<group>";
		};
		C738A0AD2BFCCC61001603DD /* Products */ = {
			isa = PBXGroup;
			children = (
				C738A0AC2BFCCC61001603DD /* StyleOn.app */,
			);
			name = Products;
			sourceTree = "<group>";
		};
		C738A0AE2BFCCC61001603DD /* StyleOn */ = {
			isa = PBXGroup;
			children = (
				C738A0DE2BFCE7DD001603DD /* Resources */,
				C738A0F42BFE66DB001603DD /* Models */,
				C738A0F52BFE66DF001603DD /* Views */,
				C738A0C32BFCD4A4001603DD /* Info.plist */,
				C738A0AF2BFCCC61001603DD /* StyleOnApp.swift */,
				C738A0B12BFCCC61001603DD /* ContentView.swift */,
				C738A0B32BFCCC63001603DD /* Assets.xcassets */,
				C738A0B52BFCCC63001603DD /* Preview Content */,
			);
			path = StyleOn;
			sourceTree = "<group>";
		};
		C738A0B52BFCCC63001603DD /* Preview Content */ = {
			isa = PBXGroup;
			children = (
				C738A0B62BFCCC63001603DD /* Preview Assets.xcassets */,
			);
			path = "Preview Content";
			sourceTree = "<group>";
		};
		C738A0DE2BFCE7DD001603DD /* Resources */ = {
			isa = PBXGroup;
			children = (
				C738A0DF2BFCE7E2001603DD /* 3DModels */,
			);
			path = Resources;
			sourceTree = "<group>";
		};
		C738A0DF2BFCE7E2001603DD /* 3DModels */ = {
			isa = PBXGroup;
			children = (
				C738A0F22BFDF41A001603DD /* LongBlueShirt.usdz */,
				C738A0F02BFDA954001603DD /* BlueCollarPolo.usdz */,
				C738A0EE2BFDA247001603DD /* LongPolo.usdz */,
				C738A0EC2BFD9DA7001603DD /* WhitePants.usdz */,
				C738A0E02BFCE7F3001603DD /* TShirt.usdz */,
			);
			path = 3DModels;
			sourceTree = "<group>";
		};
		C738A0F42BFE66DB001603DD /* Models */ = {
			isa = PBXGroup;
			children = (
				C71D3FF42C02DCB900DF7FE0 /* Accelerometer */,
				C738A1042BFF4679001603DD /* Wearable */,
				C738A0FE2BFE6753001603DD /* AR */,
			);
			path = Models;
			sourceTree = "<group>";
		};
		C738A0F52BFE66DF001603DD /* Views */ = {
			isa = PBXGroup;
			children = (
				C738A0F62BFE66EC001603DD /* Boarding */,
				C71D3FF12C02DCA200DF7FE0 /* Tilt */,
				C738A0F72BFE66F1001603DD /* Main */,
			);
			path = Views;
			sourceTree = "<group>";
		};
		C738A0F62BFE66EC001603DD /* Boarding */ = {
			isa = PBXGroup;
			children = (
				C738A0F82BFE66F9001603DD /* BoardingView.swift */,
			);
			path = Boarding;
			sourceTree = "<group>";
		};
		C738A0F72BFE66F1001603DD /* Main */ = {
			isa = PBXGroup;
			children = (
				C71D3FDE2C00D6C200DF7FE0 /* Model */,
				C738A0FC2BFE672E001603DD /* Components */,
				C738A0FA2BFE6714001603DD /* MainView.swift */,
			);
			path = Main;
			sourceTree = "<group>";
		};
		C738A0FC2BFE672E001603DD /* Components */ = {
			isa = PBXGroup;
			children = (
				C738A1092BFF4FBA001603DD /* Wearables */,
				C738A0FF2BFF4469001603DD /* Buttons */,
				C738A0FD2BFE673C001603DD /* AR */,
				C738A1022BFF459B001603DD /* MainBottomView.swift */,
				C71D3FDC2BFFB10F00DF7FE0 /* MixMatchRow.swift */,
				C71D3FE72C0106C600DF7FE0 /* WearableSheetView.swift */,
			);
			path = Components;
			sourceTree = "<group>";
		};
		C738A0FD2BFE673C001603DD /* AR */ = {
			isa = PBXGroup;
			children = (
				C738A0BD2BFCCC78001603DD /* ARViewContainer.swift */,
				C738A0BF2BFCCCF7001603DD /* ARViewDelegate.swift */,
			);
			path = AR;
			sourceTree = "<group>";
		};
		C738A0FE2BFE6753001603DD /* AR */ = {
			isa = PBXGroup;
			children = (
				C738A0C12BFCCF01001603DD /* BodySkeleton.swift */,
				C71D3FEB2C01B6F000DF7FE0 /* BodySkeletonVariables.swift */,
			);
			path = AR;
			sourceTree = "<group>";
		};
		C738A0FF2BFF4469001603DD /* Buttons */ = {
			isa = PBXGroup;
			children = (
				C738A1002BFF4497001603DD /* CircleIconButton.swift */,
				C71D3FD82BFFB04D00DF7FE0 /* CameraButton.swift */,
				C71D3FEF2C026BAD00DF7FE0 /* SquareIconButton.swift */,
			);
			path = Buttons;
			sourceTree = "<group>";
		};
		C738A1042BFF4679001603DD /* Wearable */ = {
			isa = PBXGroup;
			children = (
				C738A1052BFF4691001603DD /* WearableType.swift */,
				C738A1072BFF4E4D001603DD /* Wearable.swift */,
			);
			path = Wearable;
			sourceTree = "<group>";
		};
		C738A1092BFF4FBA001603DD /* Wearables */ = {
			isa = PBXGroup;
			children = (
				C738A10A2BFF5163001603DD /* CircleWearable.swift */,
				C738A10C2BFF526A001603DD /* CircleWearableList.swift */,
				C71D3FDA2BFFB09200DF7FE0 /* SmallSquareWearable.swift */,
				C71D3FE32C00F96F00DF7FE0 /* SquareWearable.swift */,
				C71D3FE52C00FAAE00DF7FE0 /* WearableGrid.swift */,
			);
			path = Wearables;
			sourceTree = "<group>";
		};
/* End PBXGroup section */

/* Begin PBXNativeTarget section */
		C738A0AB2BFCCC61001603DD /* StyleOn */ = {
			isa = PBXNativeTarget;
			buildConfigurationList = C738A0BA2BFCCC63001603DD /* Build configuration list for PBXNativeTarget "StyleOn" */;
			buildPhases = (
				C738A0A82BFCCC61001603DD /* Sources */,
				C738A0A92BFCCC61001603DD /* Frameworks */,
				C738A0AA2BFCCC61001603DD /* Resources */,
			);
			buildRules = (
			);
			dependencies = (
			);
			name = StyleOn;
			packageProductDependencies = (
				C71D3FD62BFF791900DF7FE0 /* SnapPagerCarousel */,
			);
			productName = StyleOn;
			productReference = C738A0AC2BFCCC61001603DD /* StyleOn.app */;
			productType = "com.apple.product-type.application";
		};
/* End PBXNativeTarget section */

/* Begin PBXProject section */
		C738A0A42BFCCC61001603DD /* Project object */ = {
			isa = PBXProject;
			attributes = {
				BuildIndependentTargetsInParallel = 1;
				LastSwiftUpdateCheck = 1540;
				LastUpgradeCheck = 1540;
				TargetAttributes = {
					C738A0AB2BFCCC61001603DD = {
						CreatedOnToolsVersion = 15.4;
					};
				};
			};
			buildConfigurationList = C738A0A72BFCCC61001603DD /* Build configuration list for PBXProject "StyleOn" */;
			compatibilityVersion = "Xcode 14.0";
			developmentRegion = en;
			hasScannedForEncodings = 0;
			knownRegions = (
				en,
				Base,
			);
			mainGroup = C738A0A32BFCCC61001603DD;
			packageReferences = (
				C71D3FD52BFF791900DF7FE0 /* XCRemoteSwiftPackageReference "SnapPagerCarousel" */,
			);
			productRefGroup = C738A0AD2BFCCC61001603DD /* Products */;
			projectDirPath = "";
			projectRoot = "";
			targets = (
				C738A0AB2BFCCC61001603DD /* StyleOn */,
			);
		};
/* End PBXProject section */

/* Begin PBXResourcesBuildPhase section */
		C738A0AA2BFCCC61001603DD /* Resources */ = {
			isa = PBXResourcesBuildPhase;
			buildActionMask = 2147483647;
			files = (
				C738A0EF2BFDA247001603DD /* LongPolo.usdz in Resources */,
				C738A0ED2BFD9DA7001603DD /* WhitePants.usdz in Resources */,
				C738A0F32BFDF41A001603DD /* LongBlueShirt.usdz in Resources */,
				C738A0F12BFDA954001603DD /* BlueCollarPolo.usdz in Resources */,
				C738A0B72BFCCC63001603DD /* Preview Assets.xcassets in Resources */,
				C738A0E12BFCE7F3001603DD /* TShirt.usdz in Resources */,
				C738A0B42BFCCC63001603DD /* Assets.xcassets in Resources */,
			);
			runOnlyForDeploymentPostprocessing = 0;
		};
/* End PBXResourcesBuildPhase section */

/* Begin PBXSourcesBuildPhase section */
		C738A0A82BFCCC61001603DD /* Sources */ = {
			isa = PBXSourcesBuildPhase;
			buildActionMask = 2147483647;
			files = (
				C738A1012BFF4497001603DD /* CircleIconButton.swift in Sources */,
				C738A1032BFF459B001603DD /* MainBottomView.swift in Sources */,
				C71D3FEC2C01B6F100DF7FE0 /* BodySkeletonVariables.swift in Sources */,
				C738A1062BFF4691001603DD /* WearableType.swift in Sources */,
				C71D3FF62C02DCCC00DF7FE0 /* AccelerometerManager.swift in Sources */,
				C738A0F92BFE66F9001603DD /* BoardingView.swift in Sources */,
				C738A10B2BFF5163001603DD /* CircleWearable.swift in Sources */,
				C738A0FB2BFE6714001603DD /* MainView.swift in Sources */,
				C71D3FD92BFFB04D00DF7FE0 /* CameraButton.swift in Sources */,
				C71D3FF32C02DCAB00DF7FE0 /* TiltPadView.swift in Sources */,
				C738A1082BFF4E4D001603DD /* Wearable.swift in Sources */,
				C738A0B22BFCCC61001603DD /* ContentView.swift in Sources */,
				C738A0B02BFCCC61001603DD /* StyleOnApp.swift in Sources */,
				C71D3FE62C00FAAE00DF7FE0 /* WearableGrid.swift in Sources */,
				C738A0C22BFCCF01001603DD /* BodySkeleton.swift in Sources */,
				C738A10D2BFF526A001603DD /* CircleWearableList.swift in Sources */,
				C71D3FDB2BFFB09200DF7FE0 /* SmallSquareWearable.swift in Sources */,
				C71D3FE02C00D6D100DF7FE0 /* WearableSheet.swift in Sources */,
				C71D3FF02C026BAD00DF7FE0 /* SquareIconButton.swift in Sources */,
				C738A0BE2BFCCC78001603DD /* ARViewContainer.swift in Sources */,
				C738A0C02BFCCCF7001603DD /* ARViewDelegate.swift in Sources */,
				C71D3FDD2BFFB10F00DF7FE0 /* MixMatchRow.swift in Sources */,
				C71D3FE82C0106C600DF7FE0 /* WearableSheetView.swift in Sources */,
				C71D3FE42C00F96F00DF7FE0 /* SquareWearable.swift in Sources */,
			);
			runOnlyForDeploymentPostprocessing = 0;
		};
/* End PBXSourcesBuildPhase section */

/* Begin XCBuildConfiguration section */
		C738A0B82BFCCC63001603DD /* Debug */ = {
			isa = XCBuildConfiguration;
			buildSettings = {
				ALWAYS_SEARCH_USER_PATHS = NO;
				ASSETCATALOG_COMPILER_GENERATE_SWIFT_ASSET_SYMBOL_EXTENSIONS = YES;
				CLANG_ANALYZER_NONNULL = YES;
				CLANG_ANALYZER_NUMBER_OBJECT_CONVERSION = YES_AGGRESSIVE;
				CLANG_CXX_LANGUAGE_STANDARD = "gnu++20";
				CLANG_ENABLE_MODULES = YES;
				CLANG_ENABLE_OBJC_ARC = YES;
				CLANG_ENABLE_OBJC_WEAK = YES;
				CLANG_WARN_BLOCK_CAPTURE_AUTORELEASING = YES;
				CLANG_WARN_BOOL_CONVERSION = YES;
				CLANG_WARN_COMMA = YES;
				CLANG_WARN_CONSTANT_CONVERSION = YES;
				CLANG_WARN_DEPRECATED_OBJC_IMPLEMENTATIONS = YES;
				CLANG_WARN_DIRECT_OBJC_ISA_USAGE = YES_ERROR;
				CLANG_WARN_DOCUMENTATION_COMMENTS = YES;
				CLANG_WARN_EMPTY_BODY = YES;
				CLANG_WARN_ENUM_CONVERSION = YES;
				CLANG_WARN_INFINITE_RECURSION = YES;
				CLANG_WARN_INT_CONVERSION = YES;
				CLANG_WARN_NON_LITERAL_NULL_CONVERSION = YES;
				CLANG_WARN_OBJC_IMPLICIT_RETAIN_SELF = YES;
				CLANG_WARN_OBJC_LITERAL_CONVERSION = YES;
				CLANG_WARN_OBJC_ROOT_CLASS = YES_ERROR;
				CLANG_WARN_QUOTED_INCLUDE_IN_FRAMEWORK_HEADER = YES;
				CLANG_WARN_RANGE_LOOP_ANALYSIS = YES;
				CLANG_WARN_STRICT_PROTOTYPES = YES;
				CLANG_WARN_SUSPICIOUS_MOVE = YES;
				CLANG_WARN_UNGUARDED_AVAILABILITY = YES_AGGRESSIVE;
				CLANG_WARN_UNREACHABLE_CODE = YES;
				CLANG_WARN__DUPLICATE_METHOD_MATCH = YES;
				COPY_PHASE_STRIP = NO;
				DEBUG_INFORMATION_FORMAT = dwarf;
				ENABLE_STRICT_OBJC_MSGSEND = YES;
				ENABLE_TESTABILITY = YES;
				ENABLE_USER_SCRIPT_SANDBOXING = YES;
				GCC_C_LANGUAGE_STANDARD = gnu17;
				GCC_DYNAMIC_NO_PIC = NO;
				GCC_NO_COMMON_BLOCKS = YES;
				GCC_OPTIMIZATION_LEVEL = 0;
				GCC_PREPROCESSOR_DEFINITIONS = (
					"DEBUG=1",
					"$(inherited)",
				);
				GCC_WARN_64_TO_32_BIT_CONVERSION = YES;
				GCC_WARN_ABOUT_RETURN_TYPE = YES_ERROR;
				GCC_WARN_UNDECLARED_SELECTOR = YES;
				GCC_WARN_UNINITIALIZED_AUTOS = YES_AGGRESSIVE;
				GCC_WARN_UNUSED_FUNCTION = YES;
				GCC_WARN_UNUSED_VARIABLE = YES;
				IPHONEOS_DEPLOYMENT_TARGET = 17.5;
				LOCALIZATION_PREFERS_STRING_CATALOGS = YES;
				MTL_ENABLE_DEBUG_INFO = INCLUDE_SOURCE;
				MTL_FAST_MATH = YES;
				ONLY_ACTIVE_ARCH = YES;
				SDKROOT = iphoneos;
				SWIFT_ACTIVE_COMPILATION_CONDITIONS = "DEBUG $(inherited)";
				SWIFT_OPTIMIZATION_LEVEL = "-Onone";
			};
			name = Debug;
		};
		C738A0B92BFCCC63001603DD /* Release */ = {
			isa = XCBuildConfiguration;
			buildSettings = {
				ALWAYS_SEARCH_USER_PATHS = NO;
				ASSETCATALOG_COMPILER_GENERATE_SWIFT_ASSET_SYMBOL_EXTENSIONS = YES;
				CLANG_ANALYZER_NONNULL = YES;
				CLANG_ANALYZER_NUMBER_OBJECT_CONVERSION = YES_AGGRESSIVE;
				CLANG_CXX_LANGUAGE_STANDARD = "gnu++20";
				CLANG_ENABLE_MODULES = YES;
				CLANG_ENABLE_OBJC_ARC = YES;
				CLANG_ENABLE_OBJC_WEAK = YES;
				CLANG_WARN_BLOCK_CAPTURE_AUTORELEASING = YES;
				CLANG_WARN_BOOL_CONVERSION = YES;
				CLANG_WARN_COMMA = YES;
				CLANG_WARN_CONSTANT_CONVERSION = YES;
				CLANG_WARN_DEPRECATED_OBJC_IMPLEMENTATIONS = YES;
				CLANG_WARN_DIRECT_OBJC_ISA_USAGE = YES_ERROR;
				CLANG_WARN_DOCUMENTATION_COMMENTS = YES;
				CLANG_WARN_EMPTY_BODY = YES;
				CLANG_WARN_ENUM_CONVERSION = YES;
				CLANG_WARN_INFINITE_RECURSION = YES;
				CLANG_WARN_INT_CONVERSION = YES;
				CLANG_WARN_NON_LITERAL_NULL_CONVERSION = YES;
				CLANG_WARN_OBJC_IMPLICIT_RETAIN_SELF = YES;
				CLANG_WARN_OBJC_LITERAL_CONVERSION = YES;
				CLANG_WARN_OBJC_ROOT_CLASS = YES_ERROR;
				CLANG_WARN_QUOTED_INCLUDE_IN_FRAMEWORK_HEADER = YES;
				CLANG_WARN_RANGE_LOOP_ANALYSIS = YES;
				CLANG_WARN_STRICT_PROTOTYPES = YES;
				CLANG_WARN_SUSPICIOUS_MOVE = YES;
				CLANG_WARN_UNGUARDED_AVAILABILITY = YES_AGGRESSIVE;
				CLANG_WARN_UNREACHABLE_CODE = YES;
				CLANG_WARN__DUPLICATE_METHOD_MATCH = YES;
				COPY_PHASE_STRIP = NO;
				DEBUG_INFORMATION_FORMAT = "dwarf-with-dsym";
				ENABLE_NS_ASSERTIONS = NO;
				ENABLE_STRICT_OBJC_MSGSEND = YES;
				ENABLE_USER_SCRIPT_SANDBOXING = YES;
				GCC_C_LANGUAGE_STANDARD = gnu17;
				GCC_NO_COMMON_BLOCKS = YES;
				GCC_WARN_64_TO_32_BIT_CONVERSION = YES;
				GCC_WARN_ABOUT_RETURN_TYPE = YES_ERROR;
				GCC_WARN_UNDECLARED_SELECTOR = YES;
				GCC_WARN_UNINITIALIZED_AUTOS = YES_AGGRESSIVE;
				GCC_WARN_UNUSED_FUNCTION = YES;
				GCC_WARN_UNUSED_VARIABLE = YES;
				IPHONEOS_DEPLOYMENT_TARGET = 17.5;
				LOCALIZATION_PREFERS_STRING_CATALOGS = YES;
				MTL_ENABLE_DEBUG_INFO = NO;
				MTL_FAST_MATH = YES;
				SDKROOT = iphoneos;
				SWIFT_COMPILATION_MODE = wholemodule;
				VALIDATE_PRODUCT = YES;
			};
			name = Release;
		};
		C738A0BB2BFCCC63001603DD /* Debug */ = {
			isa = XCBuildConfiguration;
			buildSettings = {
				ASSETCATALOG_COMPILER_APPICON_NAME = AppIcon;
				ASSETCATALOG_COMPILER_GLOBAL_ACCENT_COLOR_NAME = AccentColor;
				CODE_SIGN_STYLE = Automatic;
				CURRENT_PROJECT_VERSION = 1;
				DEVELOPMENT_ASSET_PATHS = "\"StyleOn/Preview Content\"";
				DEVELOPMENT_TEAM = 5SU889K9XY;
				ENABLE_PREVIEWS = YES;
				GENERATE_INFOPLIST_FILE = YES;
				INFOPLIST_FILE = StyleOn/Info.plist;
				INFOPLIST_KEY_NSCameraUsageDescription = "Required to display AR in Camera";
				INFOPLIST_KEY_NSPhotoLibraryAddUsageDescription = "Required to save AR picture in Photo Library";
				INFOPLIST_KEY_UIApplicationSceneManifest_Generation = YES;
				INFOPLIST_KEY_UIApplicationSupportsIndirectInputEvents = YES;
				INFOPLIST_KEY_UILaunchScreen_Generation = YES;
				INFOPLIST_KEY_UISupportedInterfaceOrientations = UIInterfaceOrientationPortrait;
				INFOPLIST_KEY_UISupportedInterfaceOrientations_iPad = "UIInterfaceOrientationLandscapeLeft UIInterfaceOrientationLandscapeRight UIInterfaceOrientationPortrait UIInterfaceOrientationPortraitUpsideDown";
				IPHONEOS_DEPLOYMENT_TARGET = 17.2;
				LD_RUNPATH_SEARCH_PATHS = (
					"$(inherited)",
					"@executable_path/Frameworks",
				);
				MARKETING_VERSION = 1.0;
				PRODUCT_BUNDLE_IDENTIFIER = com.appleacademy.StyleOn;
				PRODUCT_NAME = "$(TARGET_NAME)";
				SUPPORTED_PLATFORMS = "iphoneos iphonesimulator";
				SUPPORTS_MACCATALYST = NO;
				SUPPORTS_MAC_DESIGNED_FOR_IPHONE_IPAD = NO;
				SUPPORTS_XR_DESIGNED_FOR_IPHONE_IPAD = NO;
				SWIFT_EMIT_LOC_STRINGS = YES;
				SWIFT_VERSION = 5.0;
				TARGETED_DEVICE_FAMILY = 2;
			};
			name = Debug;
		};
		C738A0BC2BFCCC63001603DD /* Release */ = {
			isa = XCBuildConfiguration;
			buildSettings = {
				ASSETCATALOG_COMPILER_APPICON_NAME = AppIcon;
				ASSETCATALOG_COMPILER_GLOBAL_ACCENT_COLOR_NAME = AccentColor;
				CODE_SIGN_STYLE = Automatic;
				CURRENT_PROJECT_VERSION = 1;
				DEVELOPMENT_ASSET_PATHS = "\"StyleOn/Preview Content\"";
				DEVELOPMENT_TEAM = 5SU889K9XY;
				ENABLE_PREVIEWS = YES;
				GENERATE_INFOPLIST_FILE = YES;
				INFOPLIST_FILE = StyleOn/Info.plist;
				INFOPLIST_KEY_NSCameraUsageDescription = "Required to display AR in Camera";
				INFOPLIST_KEY_NSPhotoLibraryAddUsageDescription = "Required to save AR picture in Photo Library";
				INFOPLIST_KEY_UIApplicationSceneManifest_Generation = YES;
				INFOPLIST_KEY_UIApplicationSupportsIndirectInputEvents = YES;
				INFOPLIST_KEY_UILaunchScreen_Generation = YES;
				INFOPLIST_KEY_UISupportedInterfaceOrientations = UIInterfaceOrientationPortrait;
				INFOPLIST_KEY_UISupportedInterfaceOrientations_iPad = "UIInterfaceOrientationLandscapeLeft UIInterfaceOrientationLandscapeRight UIInterfaceOrientationPortrait UIInterfaceOrientationPortraitUpsideDown";
				IPHONEOS_DEPLOYMENT_TARGET = 17.2;
				LD_RUNPATH_SEARCH_PATHS = (
					"$(inherited)",
					"@executable_path/Frameworks",
				);
				MARKETING_VERSION = 1.0;
				PRODUCT_BUNDLE_IDENTIFIER = com.appleacademy.StyleOn;
				PRODUCT_NAME = "$(TARGET_NAME)";
				SUPPORTED_PLATFORMS = "iphoneos iphonesimulator";
				SUPPORTS_MACCATALYST = NO;
				SUPPORTS_MAC_DESIGNED_FOR_IPHONE_IPAD = NO;
				SUPPORTS_XR_DESIGNED_FOR_IPHONE_IPAD = NO;
				SWIFT_EMIT_LOC_STRINGS = YES;
				SWIFT_VERSION = 5.0;
				TARGETED_DEVICE_FAMILY = 2;
			};
			name = Release;
		};
/* End XCBuildConfiguration section */

/* Begin XCConfigurationList section */
		C738A0A72BFCCC61001603DD /* Build configuration list for PBXProject "StyleOn" */ = {
			isa = XCConfigurationList;
			buildConfigurations = (
				C738A0B82BFCCC63001603DD /* Debug */,
				C738A0B92BFCCC63001603DD /* Release */,
			);
			defaultConfigurationIsVisible = 0;
			defaultConfigurationName = Release;
		};
		C738A0BA2BFCCC63001603DD /* Build configuration list for PBXNativeTarget "StyleOn" */ = {
			isa = XCConfigurationList;
			buildConfigurations = (
				C738A0BB2BFCCC63001603DD /* Debug */,
				C738A0BC2BFCCC63001603DD /* Release */,
			);
			defaultConfigurationIsVisible = 0;
			defaultConfigurationName = Release;
		};
/* End XCConfigurationList section */

/* Begin XCRemoteSwiftPackageReference section */
		C71D3FD52BFF791900DF7FE0 /* XCRemoteSwiftPackageReference "SnapPagerCarousel" */ = {
			isa = XCRemoteSwiftPackageReference;
			repositoryURL = "https://github.com/MaximeFILIPPI/SnapPagerCarousel";
			requirement = {
				branch = main;
				kind = branch;
			};
		};
/* End XCRemoteSwiftPackageReference section */

/* Begin XCSwiftPackageProductDependency section */
		C71D3FD62BFF791900DF7FE0 /* SnapPagerCarousel */ = {
			isa = XCSwiftPackageProductDependency;
			package = C71D3FD52BFF791900DF7FE0 /* XCRemoteSwiftPackageReference "SnapPagerCarousel" */;
			productName = SnapPagerCarousel;
		};
/* End XCSwiftPackageProductDependency section */
	};
	rootObject = C738A0A42BFCCC61001603DD /* Project object */;
}
